
Microsoft Visual Studio Solution File, Format Version 12.00
# Visual Studio Version 17
VisualStudioVersion = 17.5.33424.131
MinimumVisualStudioVersion = 10.0.40219.1
Project("{8BC9CEB8-8B4A-11D0-8D11-00A0C91BC942}") = "demineur", "demineur\demineur.vcxproj", "{AECD8BD2-793B-49C6-9EE2-090F502788F9}"
EndProject
Global
	GlobalSection(SolutionConfigurationPlatforms) = preSolution
		Debug|x64 = Debug|x64
		Debug|x86 = Debug|x86
		Release|x64 = Release|x64
		Release|x86 = Release|x86
	EndGlobalSection
	GlobalSection(ProjectConfigurationPlatforms) = postSolution
		{AECD8BD2-793B-49C6-9EE2-090F502788F9}.Debug|x64.ActiveCfg = Debug|x64
		{AECD8BD2-793B-49C6-9EE2-090F502788F9}.Debug|x64.Build.0 = Debug|x64
		{AECD8BD2-793B-49C6-9EE2-090F502788F9}.Debug|x86.ActiveCfg = Debug|Win32
		{AECD8BD2-793B-49C6-9EE2-090F502788F9}.Debug|x86.Build.0 = Debug|Win32
		{AECD8BD2-793B-49C6-9EE2-090F502788F9}.Release|x64.ActiveCfg = Release|x64
		{AECD8BD2-793B-49C6-9EE2-090F502788F9}.Release|x64.Build.0 = Release|x64
		{AECD8BD2-793B-49C6-9EE2-090F502788F9}.Release|x86.ActiveCfg = Release|Win32
		{AECD8BD2-793B-49C6-9EE2-090F502788F9}.Release|x86.Build.0 = Release|Win32
	EndGlobalSection
	GlobalSection(SolutionProperties) = preSolution
		HideSolutionNode = FALSE
	EndGlobalSection
	GlobalSection(ExtensibilityGlobals) = postSolution
		SolutionGuid = {48866683-A30B-4CFD-B1FA-2006B81F6144}
	EndGlobalSection
EndGlobal
